
Microsoft Visual Studio Solution File, Format Version 12.00
# Visual Studio Version 17
VisualStudioVersion = 17.13.35913.81 d17.13
MinimumVisualStudioVersion = 10.0.40219.1
Project("{FAE04EC0-301F-11D3-BF4B-00C04F79EFBC}") = "AwariaInterface", "AwariaInterface.csproj", "{4DBE810D-4A2D-4D15-9B2A-C2F2ABC0E0A3}"
EndProject
Global
	GlobalSection(SolutionConfigurationPlatforms) = preSolution
		Debug|Any CPU = Debug|Any CPU
		Release|Any CPU = Release|Any CPU
	EndGlobalSection
	GlobalSection(ProjectConfigurationPlatforms) = postSolution
		{4DBE810D-4A2D-4D15-9B2A-C2F2ABC0E0A3}.Debug|Any CPU.ActiveCfg = Debug|Any CPU
		{4DBE810D-4A2D-4D15-9B2A-C2F2ABC0E0A3}.Debug|Any CPU.Build.0 = Debug|Any CPU
		{4DBE810D-4A2D-4D15-9B2A-C2F2ABC0E0A3}.Release|Any CPU.ActiveCfg = Release|Any CPU
		{4DBE810D-4A2D-4D15-9B2A-C2F2ABC0E0A3}.Release|Any CPU.Build.0 = Release|Any CPU
	EndGlobalSection
	GlobalSection(SolutionProperties) = preSolution
		HideSolutionNode = FALSE
	EndGlobalSection
	GlobalSection(ExtensibilityGlobals) = postSolution
		SolutionGuid = {FDBD6540-52ED-4B22-8B6E-9805B9B92368}
	EndGlobalSection
EndGlobal
